
Microsoft Visual Studio Solution File, Format Version 12.00
# Visual Studio Version 17
VisualStudioVersion = 17.10.34916.146
MinimumVisualStudioVersion = 10.0.40219.1
Project("{FAE04EC0-301F-11D3-BF4B-00C04F79EFBC}") = "pryVineriaTPO", "pryVineriaTPO.csproj", "{003AC23F-4E55-4F20-B6C4-EDE3E01E6246}"
EndProject
Global
	GlobalSection(SolutionConfigurationPlatforms) = preSolution
		Debug|Any CPU = Debug|Any CPU
		Release|Any CPU = Release|Any CPU
	EndGlobalSection
	GlobalSection(ProjectConfigurationPlatforms) = postSolution
		{003AC23F-4E55-4F20-B6C4-EDE3E01E6246}.Debug|Any CPU.ActiveCfg = Debug|Any CPU
		{003AC23F-4E55-4F20-B6C4-EDE3E01E6246}.Debug|Any CPU.Build.0 = Debug|Any CPU
		{003AC23F-4E55-4F20-B6C4-EDE3E01E6246}.Release|Any CPU.ActiveCfg = Release|Any CPU
		{003AC23F-4E55-4F20-B6C4-EDE3E01E6246}.Release|Any CPU.Build.0 = Release|Any CPU
	EndGlobalSection
	GlobalSection(SolutionProperties) = preSolution
		HideSolutionNode = FALSE
	EndGlobalSection
	GlobalSection(ExtensibilityGlobals) = postSolution
		SolutionGuid = {FB75C04D-C108-4319-865A-5376EADC6B04}
	EndGlobalSection
EndGlobal
